{
  "name": "Mortaria",
  "lockfileVersion": 2,
  "requires": true,
  "packages": {
    "": {
      "dependencies": {
        "fullcalendar": "^6.1.5"
      }
    },
    "node_modules/@fullcalendar/core": {
      "version": "6.1.5",
      "resolved": "https://registry.npmjs.org/@fullcalendar/core/-/core-6.1.5.tgz",
      "integrity": "sha512-U3ZJy1JGAgvyXG4iLWvTW4osbkt5Fj9gmbU1B+RyRhiqwXGE0F329sX7kqLTzj3QI1IPzyq6xnJfWUIsAe7+qw==",
      "dependencies": {
        "preact": "~10.12.1"
      }
    },
    "node_modules/@fullcalendar/daygrid": {
      "version": "6.1.5",
      "resolved": "https://registry.npmjs.org/@fullcalendar/daygrid/-/daygrid-6.1.5.tgz",
      "integrity": "sha512-wXQUNPOyEQ1FEHVdtxP/tLcAAGwY4zeFejujhcznhKC751X8voInF+7kFmI7GDTVgX9cd72Muku3c+gHi8ygEQ==",
      "peerDependencies": {
        "@fullcalendar/core": "~6.1.5"
      }
    },
    "node_modules/@fullcalendar/interaction": {
      "version": "6.1.5",
      "resolved": "https://registry.npmjs.org/@fullcalendar/interaction/-/interaction-6.1.5.tgz",
      "integrity": "sha512-7U+WsysSlgVSkWqyjLnE6dVKUk2I7sGZN0zcadSfvL2e3KzD30BKgz78p6LRayW2Trtyf/7rZEe1k064ELd0+Q==",
      "peerDependencies": {
        "@fullcalendar/core": "~6.1.5"
      }
    },
    "node_modules/@fullcalendar/list": {
      "version": "6.1.5",
      "resolved": "https://registry.npmjs.org/@fullcalendar/list/-/list-6.1.5.tgz",
      "integrity": "sha512-Z34h32ZuI0+sU6GdV2WrXnF6Z17VvsagjSBY+8/bMrMHfDoLbT76sGfoI6N0GCAr7aW9N2NgWWz8kuQw9uFAZQ==",
      "peerDependencies": {
        "@fullcalendar/core": "~6.1.5"
      }
    },
    "node_modules/@fullcalendar/multimonth": {
      "version": "6.1.5",
      "resolved": "https://registry.npmjs.org/@fullcalendar/multimonth/-/multimonth-6.1.5.tgz",
      "integrity": "sha512-ZWzfkz0+JEvDPzrOevmEwvOGdfdyDLzHL/jWKCj2hEffAGTjYTMG06dTgUZvush/yEEAxdkLIujTNLizkd7kvw==",
      "dependencies": {
        "@fullcalendar/daygrid": "~6.1.5"
      },
      "peerDependencies": {
        "@fullcalendar/core": "~6.1.5"
      }
    },
    "node_modules/@fullcalendar/timegrid": {
      "version": "6.1.5",
      "resolved": "https://registry.npmjs.org/@fullcalendar/timegrid/-/timegrid-6.1.5.tgz",
      "integrity": "sha512-phofe7XQ+JbejQB9zGqtZOGmPr/vMkfkK5dwPY4rOjxZOG/wspL3aXoSurmXaVP5CIiRWBvX9QPq0UgVJt0j5A==",
      "dependencies": {
        "@fullcalendar/daygrid": "~6.1.5"
      },
      "peerDependencies": {
        "@fullcalendar/core": "~6.1.5"
      }
    },
    "node_modules/fullcalendar": {
      "version": "6.1.5",
      "resolved": "https://registry.npmjs.org/fullcalendar/-/fullcalendar-6.1.5.tgz",
      "integrity": "sha512-lV8he45gJW0ZKmBYkTjXZlx8VtC+rTR8FU5EKhwKpOSPg9FJbMLSTnsVagUp4+rk/JFOv/DxoLB2vDW0VX97VQ==",
      "dependencies": {
        "@fullcalendar/core": "~6.1.5",
        "@fullcalendar/daygrid": "~6.1.5",
        "@fullcalendar/interaction": "~6.1.5",
        "@fullcalendar/list": "~6.1.5",
        "@fullcalendar/multimonth": "~6.1.5",
        "@fullcalendar/timegrid": "~6.1.5"
      }
    },
    "node_modules/preact": {
      "version": "10.12.1",
      "resolved": "https://registry.npmjs.org/preact/-/preact-10.12.1.tgz",
      "integrity": "sha512-l8386ixSsBdbreOAkqtrwqHwdvR35ID8c3rKPa8lCWuO86dBi32QWHV4vfsZK1utLLFMvw+Z5Ad4XLkZzchscg==",
      "funding": {
        "type": "opencollective",
        "url": "https://opencollective.com/preact"
      }
    }
  },
  "dependencies": {
    "@fullcalendar/core": {
      "version": "6.1.5",
      "resolved": "https://registry.npmjs.org/@fullcalendar/core/-/core-6.1.5.tgz",
      "integrity": "sha512-U3ZJy1JGAgvyXG4iLWvTW4osbkt5Fj9gmbU1B+RyRhiqwXGE0F329sX7kqLTzj3QI1IPzyq6xnJfWUIsAe7+qw==",
      "requires": {
        "preact": "~10.12.1"
      }
    },
    "@fullcalendar/daygrid": {
      "version": "6.1.5",
      "resolved": "https://registry.npmjs.org/@fullcalendar/daygrid/-/daygrid-6.1.5.tgz",
      "integrity": "sha512-wXQUNPOyEQ1FEHVdtxP/tLcAAGwY4zeFejujhcznhKC751X8voInF+7kFmI7GDTVgX9cd72Muku3c+gHi8ygEQ==",
      "requires": {}
    },
    "@fullcalendar/interaction": {
      "version": "6.1.5",
      "resolved": "https://registry.npmjs.org/@fullcalendar/interaction/-/interaction-6.1.5.tgz",
      "integrity": "sha512-7U+WsysSlgVSkWqyjLnE6dVKUk2I7sGZN0zcadSfvL2e3KzD30BKgz78p6LRayW2Trtyf/7rZEe1k064ELd0+Q==",
      "requires": {}
    },
    "@fullcalendar/list": {
      "version": "6.1.5",
      "resolved": "https://registry.npmjs.org/@fullcalendar/list/-/list-6.1.5.tgz",
      "integrity": "sha512-Z34h32ZuI0+sU6GdV2WrXnF6Z17VvsagjSBY+8/bMrMHfDoLbT76sGfoI6N0GCAr7aW9N2NgWWz8kuQw9uFAZQ==",
      "requires": {}
    },
    "@fullcalendar/multimonth": {
      "version": "6.1.5",
      "resolved": "https://registry.npmjs.org/@fullcalendar/multimonth/-/multimonth-6.1.5.tgz",
      "integrity": "sha512-ZWzfkz0+JEvDPzrOevmEwvOGdfdyDLzHL/jWKCj2hEffAGTjYTMG06dTgUZvush/yEEAxdkLIujTNLizkd7kvw==",
      "requires": {
        "@fullcalendar/daygrid": "~6.1.5"
      }
    },
    "@fullcalendar/timegrid": {
      "version": "6.1.5",
      "resolved": "https://registry.npmjs.org/@fullcalendar/timegrid/-/timegrid-6.1.5.tgz",
      "integrity": "sha512-phofe7XQ+JbejQB9zGqtZOGmPr/vMkfkK5dwPY4rOjxZOG/wspL3aXoSurmXaVP5CIiRWBvX9QPq0UgVJt0j5A==",
      "requires": {
        "@fullcalendar/daygrid": "~6.1.5"
      }
    },
    "fullcalendar": {
      "version": "6.1.5",
      "resolved": "https://registry.npmjs.org/fullcalendar/-/fullcalendar-6.1.5.tgz",
      "integrity": "sha512-lV8he45gJW0ZKmBYkTjXZlx8VtC+rTR8FU5EKhwKpOSPg9FJbMLSTnsVagUp4+rk/JFOv/DxoLB2vDW0VX97VQ==",
      "requires": {
        "@fullcalendar/core": "~6.1.5",
        "@fullcalendar/daygrid": "~6.1.5",
        "@fullcalendar/interaction": "~6.1.5",
        "@fullcalendar/list": "~6.1.5",
        "@fullcalendar/multimonth": "~6.1.5",
        "@fullcalendar/timegrid": "~6.1.5"
      }
    },
    "preact": {
      "version": "10.12.1",
      "resolved": "https://registry.npmjs.org/preact/-/preact-10.12.1.tgz",
      "integrity": "sha512-l8386ixSsBdbreOAkqtrwqHwdvR35ID8c3rKPa8lCWuO86dBi32QWHV4vfsZK1utLLFMvw+Z5Ad4XLkZzchscg=="
    }
  }
}
